
Microsoft Visual Studio Solution File, Format Version 12.00
# Visual Studio Version 17
VisualStudioVersion = 17.14.36717.8 d17.14
MinimumVisualStudioVersion = 10.0.40219.1
Project("{FAE04EC0-301F-11D3-BF4B-00C04F79EFBC}") = "BlazorWPFApp", "BlazorWPFApp\BlazorWPFApp.csproj", "{B2BCF187-AA48-4571-8C89-07E645720FB2}"
EndProject
Global
	GlobalSection(SolutionConfigurationPlatforms) = preSolution
		Debug|Any CPU = Debug|Any CPU
		Release|Any CPU = Release|Any CPU
	EndGlobalSection
	GlobalSection(ProjectConfigurationPlatforms) = postSolution
		{B2BCF187-AA48-4571-8C89-07E645720FB2}.Debug|Any CPU.ActiveCfg = Debug|Any CPU
		{B2BCF187-AA48-4571-8C89-07E645720FB2}.Debug|Any CPU.Build.0 = Debug|Any CPU
		{B2BCF187-AA48-4571-8C89-07E645720FB2}.Release|Any CPU.ActiveCfg = Release|Any CPU
		{B2BCF187-AA48-4571-8C89-07E645720FB2}.Release|Any CPU.Build.0 = Release|Any CPU
	EndGlobalSection
	GlobalSection(SolutionProperties) = preSolution
		HideSolutionNode = FALSE
	EndGlobalSection
	GlobalSection(ExtensibilityGlobals) = postSolution
		SolutionGuid = {D66046B9-D055-42D9-935B-AED2C72E1073}
	EndGlobalSection
EndGlobal
